
Microsoft Visual Studio Solution File, Format Version 12.00
# Visual Studio Version 17
VisualStudioVersion = 17.5.33516.290
MinimumVisualStudioVersion = 10.0.40219.1
Project("{2150E333-8FDC-42A3-9474-1A3956D46DE8}") = "src", "src", "{C44B3F4D-7EC8-4AC9-8495-1DF69C1356F8}"
EndProject
Project("{2150E333-8FDC-42A3-9474-1A3956D46DE8}") = "Core", "Core", "{7B907D16-4C03-4E97-AF1E-514395639821}"
EndProject
Project("{2150E333-8FDC-42A3-9474-1A3956D46DE8}") = "Infrastructure", "Infrastructure", "{B5821108-70B0-4ED9-AC74-386A75BD1C03}"
EndProject
Project("{2150E333-8FDC-42A3-9474-1A3956D46DE8}") = "Web", "Web", "{37D0B1D2-F642-4D65-865B-C6ABAA22C40A}"
EndProject
Project("{2150E333-8FDC-42A3-9474-1A3956D46DE8}") = "test", "test", "{76ADC80D-08F5-41D6-B580-9C8E5B17B901}"
EndProject
Project("{9A19103F-16F7-4668-BE54-9A1E7A4F7556}") = "test", "test\test\test.csproj", "{597F5360-599D-485F-A6BA-FA2EAE0EBC1A}"
EndProject
Project("{9A19103F-16F7-4668-BE54-9A1E7A4F7556}") = "EduArk.API", "src\Web\EduArk.API\EduArk.API.csproj", "{BF331D44-7EFF-4D13-8EF0-23A79506085C}"
EndProject
Project("{9A19103F-16F7-4668-BE54-9A1E7A4F7556}") = "EduArk.Application", "src\Core\EduArk.Application\EduArk.Application.csproj", "{9B5A2458-688D-4E1F-84CB-F9877ACF0603}"
EndProject
Project("{9A19103F-16F7-4668-BE54-9A1E7A4F7556}") = "EduArk.Domain", "src\Core\EduArk.Domain\EduArk.Domain.csproj", "{CC98352B-9B79-463E-8BB1-A40F6FB54622}"
EndProject
Project("{9A19103F-16F7-4668-BE54-9A1E7A4F7556}") = "EduArk.Infrastructure.Master", "src\Infrastructure\EduArk.Infrastructure.Master\EduArk.Infrastructure.Master.csproj", "{84F9B7D5-5AA6-4CDA-A3F3-E182C2EE8498}"
EndProject
Project("{9A19103F-16F7-4668-BE54-9A1E7A4F7556}") = "EduArk.Infrastructure.Tenant", "src\Infrastructure\EduArk.Infrastructure.Tenant\EduArk.Infrastructure.Tenant.csproj", "{47A470F3-732F-4416-9269-4B2C0F10B5F0}"
EndProject
Project("{FAE04EC0-301F-11D3-BF4B-00C04F79EFBC}") = "EduArk.Master.API", "src\Web\EduArk.Master.API\EduArk.Master.API.csproj", "{75E9BC42-1855-4F25-9BFC-3E28FE39DB05}"
EndProject
Project("{FAE04EC0-301F-11D3-BF4B-00C04F79EFBC}") = "EduArk.Application.Master", "src\Core\EduArk.Application.Master\EduArk.Application.Master.csproj", "{D5E9E96F-7671-4193-8324-23866764B533}"
EndProject
Global
	GlobalSection(SolutionConfigurationPlatforms) = preSolution
		Debug|Any CPU = Debug|Any CPU
		Release|Any CPU = Release|Any CPU
	EndGlobalSection
	GlobalSection(ProjectConfigurationPlatforms) = postSolution
		{597F5360-599D-485F-A6BA-FA2EAE0EBC1A}.Debug|Any CPU.ActiveCfg = Debug|Any CPU
		{597F5360-599D-485F-A6BA-FA2EAE0EBC1A}.Debug|Any CPU.Build.0 = Debug|Any CPU
		{597F5360-599D-485F-A6BA-FA2EAE0EBC1A}.Release|Any CPU.ActiveCfg = Release|Any CPU
		{597F5360-599D-485F-A6BA-FA2EAE0EBC1A}.Release|Any CPU.Build.0 = Release|Any CPU
		{BF331D44-7EFF-4D13-8EF0-23A79506085C}.Debug|Any CPU.ActiveCfg = Debug|Any CPU
		{BF331D44-7EFF-4D13-8EF0-23A79506085C}.Debug|Any CPU.Build.0 = Debug|Any CPU
		{BF331D44-7EFF-4D13-8EF0-23A79506085C}.Release|Any CPU.ActiveCfg = Release|Any CPU
		{BF331D44-7EFF-4D13-8EF0-23A79506085C}.Release|Any CPU.Build.0 = Release|Any CPU
		{9B5A2458-688D-4E1F-84CB-F9877ACF0603}.Debug|Any CPU.ActiveCfg = Debug|Any CPU
		{9B5A2458-688D-4E1F-84CB-F9877ACF0603}.Debug|Any CPU.Build.0 = Debug|Any CPU
		{9B5A2458-688D-4E1F-84CB-F9877ACF0603}.Release|Any CPU.ActiveCfg = Release|Any CPU
		{9B5A2458-688D-4E1F-84CB-F9877ACF0603}.Release|Any CPU.Build.0 = Release|Any CPU
		{CC98352B-9B79-463E-8BB1-A40F6FB54622}.Debug|Any CPU.ActiveCfg = Debug|Any CPU
		{CC98352B-9B79-463E-8BB1-A40F6FB54622}.Debug|Any CPU.Build.0 = Debug|Any CPU
		{CC98352B-9B79-463E-8BB1-A40F6FB54622}.Release|Any CPU.ActiveCfg = Release|Any CPU
		{CC98352B-9B79-463E-8BB1-A40F6FB54622}.Release|Any CPU.Build.0 = Release|Any CPU
		{84F9B7D5-5AA6-4CDA-A3F3-E182C2EE8498}.Debug|Any CPU.ActiveCfg = Debug|Any CPU
		{84F9B7D5-5AA6-4CDA-A3F3-E182C2EE8498}.Debug|Any CPU.Build.0 = Debug|Any CPU
		{84F9B7D5-5AA6-4CDA-A3F3-E182C2EE8498}.Release|Any CPU.ActiveCfg = Release|Any CPU
		{84F9B7D5-5AA6-4CDA-A3F3-E182C2EE8498}.Release|Any CPU.Build.0 = Release|Any CPU
		{47A470F3-732F-4416-9269-4B2C0F10B5F0}.Debug|Any CPU.ActiveCfg = Debug|Any CPU
		{47A470F3-732F-4416-9269-4B2C0F10B5F0}.Debug|Any CPU.Build.0 = Debug|Any CPU
		{47A470F3-732F-4416-9269-4B2C0F10B5F0}.Release|Any CPU.ActiveCfg = Release|Any CPU
		{47A470F3-732F-4416-9269-4B2C0F10B5F0}.Release|Any CPU.Build.0 = Release|Any CPU
		{75E9BC42-1855-4F25-9BFC-3E28FE39DB05}.Debug|Any CPU.ActiveCfg = Debug|Any CPU
		{75E9BC42-1855-4F25-9BFC-3E28FE39DB05}.Debug|Any CPU.Build.0 = Debug|Any CPU
		{75E9BC42-1855-4F25-9BFC-3E28FE39DB05}.Release|Any CPU.ActiveCfg = Release|Any CPU
		{75E9BC42-1855-4F25-9BFC-3E28FE39DB05}.Release|Any CPU.Build.0 = Release|Any CPU
		{D5E9E96F-7671-4193-8324-23866764B533}.Debug|Any CPU.ActiveCfg = Debug|Any CPU
		{D5E9E96F-7671-4193-8324-23866764B533}.Debug|Any CPU.Build.0 = Debug|Any CPU
		{D5E9E96F-7671-4193-8324-23866764B533}.Release|Any CPU.ActiveCfg = Release|Any CPU
		{D5E9E96F-7671-4193-8324-23866764B533}.Release|Any CPU.Build.0 = Release|Any CPU
	EndGlobalSection
	GlobalSection(SolutionProperties) = preSolution
		HideSolutionNode = FALSE
	EndGlobalSection
	GlobalSection(NestedProjects) = preSolution
		{7B907D16-4C03-4E97-AF1E-514395639821} = {C44B3F4D-7EC8-4AC9-8495-1DF69C1356F8}
		{B5821108-70B0-4ED9-AC74-386A75BD1C03} = {C44B3F4D-7EC8-4AC9-8495-1DF69C1356F8}
		{37D0B1D2-F642-4D65-865B-C6ABAA22C40A} = {C44B3F4D-7EC8-4AC9-8495-1DF69C1356F8}
		{597F5360-599D-485F-A6BA-FA2EAE0EBC1A} = {76ADC80D-08F5-41D6-B580-9C8E5B17B901}
		{BF331D44-7EFF-4D13-8EF0-23A79506085C} = {37D0B1D2-F642-4D65-865B-C6ABAA22C40A}
		{9B5A2458-688D-4E1F-84CB-F9877ACF0603} = {7B907D16-4C03-4E97-AF1E-514395639821}
		{CC98352B-9B79-463E-8BB1-A40F6FB54622} = {7B907D16-4C03-4E97-AF1E-514395639821}
		{84F9B7D5-5AA6-4CDA-A3F3-E182C2EE8498} = {B5821108-70B0-4ED9-AC74-386A75BD1C03}
		{47A470F3-732F-4416-9269-4B2C0F10B5F0} = {B5821108-70B0-4ED9-AC74-386A75BD1C03}
		{75E9BC42-1855-4F25-9BFC-3E28FE39DB05} = {37D0B1D2-F642-4D65-865B-C6ABAA22C40A}
		{D5E9E96F-7671-4193-8324-23866764B533} = {7B907D16-4C03-4E97-AF1E-514395639821}
	EndGlobalSection
	GlobalSection(ExtensibilityGlobals) = postSolution
		SolutionGuid = {261EA13B-7A21-4676-B930-33958D386CBA}
	EndGlobalSection
EndGlobal
